
Microsoft Visual Studio Solution File, Format Version 12.00
# Visual Studio Version 17
VisualStudioVersion = 17.13.35806.99
MinimumVisualStudioVersion = 10.0.40219.1
Project("{2150E333-8FDC-42A3-9474-1A3956D46DE8}") = "src", "src", "{02EA681E-C7D8-13C7-8484-4AC65E1B71E8}"
EndProject
Project("{FAE04EC0-301F-11D3-BF4B-00C04F79EFBC}") = "Companies.API", "Companies.API\Companies.API.csproj", "{F97B3344-7885-41A4-BA86-B6526FF87372}"
EndProject
Project("{FAE04EC0-301F-11D3-BF4B-00C04F79EFBC}") = "Companies.Shared", "Companies.Shared\Companies.Shared.csproj", "{A2E92409-C11C-4A53-B54C-D8033283A4AD}"
EndProject
Project("{FAE04EC0-301F-11D3-BF4B-00C04F79EFBC}") = "Domain.Models", "Domain.Models\Domain.Models.csproj", "{7B08E12D-4594-4F9E-9A6E-93BB17DD2C51}"
EndProject
Project("{FAE04EC0-301F-11D3-BF4B-00C04F79EFBC}") = "Companies.Infrastructure", "Companies.Infrastructure\Companies.Infrastructure.csproj", "{C298E960-6867-435F-8EE8-F5706C26B0E8}"
EndProject
Project("{FAE04EC0-301F-11D3-BF4B-00C04F79EFBC}") = "Domain.Contracts", "Domain.Contracts\Domain.Contracts.csproj", "{AFD3E034-6F99-49FB-93C3-D6174B9CDA20}"
EndProject
Project("{FAE04EC0-301F-11D3-BF4B-00C04F79EFBC}") = "Companies.Services", "Companies.Services\Companies.Services.csproj", "{95822EE5-1CD5-4506-A740-5947AB45E893}"
EndProject
Project("{FAE04EC0-301F-11D3-BF4B-00C04F79EFBC}") = "Services.Contracts", "Services.Contracts\Services.Contracts.csproj", "{12A44682-03CF-4750-9D28-9F2A69BF4644}"
EndProject
Project("{FAE04EC0-301F-11D3-BF4B-00C04F79EFBC}") = "Companies.Presentation", "Companies.Presentation\Companies.Presentation.csproj", "{7D3F71C7-CC89-43BF-A3F8-77BD3F1A106D}"
EndProject
Global
	GlobalSection(SolutionConfigurationPlatforms) = preSolution
		Debug|Any CPU = Debug|Any CPU
		Release|Any CPU = Release|Any CPU
	EndGlobalSection
	GlobalSection(ProjectConfigurationPlatforms) = postSolution
		{F97B3344-7885-41A4-BA86-B6526FF87372}.Debug|Any CPU.ActiveCfg = Debug|Any CPU
		{F97B3344-7885-41A4-BA86-B6526FF87372}.Debug|Any CPU.Build.0 = Debug|Any CPU
		{F97B3344-7885-41A4-BA86-B6526FF87372}.Release|Any CPU.ActiveCfg = Release|Any CPU
		{F97B3344-7885-41A4-BA86-B6526FF87372}.Release|Any CPU.Build.0 = Release|Any CPU
		{A2E92409-C11C-4A53-B54C-D8033283A4AD}.Debug|Any CPU.ActiveCfg = Debug|Any CPU
		{A2E92409-C11C-4A53-B54C-D8033283A4AD}.Debug|Any CPU.Build.0 = Debug|Any CPU
		{A2E92409-C11C-4A53-B54C-D8033283A4AD}.Release|Any CPU.ActiveCfg = Release|Any CPU
		{A2E92409-C11C-4A53-B54C-D8033283A4AD}.Release|Any CPU.Build.0 = Release|Any CPU
		{7B08E12D-4594-4F9E-9A6E-93BB17DD2C51}.Debug|Any CPU.ActiveCfg = Debug|Any CPU
		{7B08E12D-4594-4F9E-9A6E-93BB17DD2C51}.Debug|Any CPU.Build.0 = Debug|Any CPU
		{7B08E12D-4594-4F9E-9A6E-93BB17DD2C51}.Release|Any CPU.ActiveCfg = Release|Any CPU
		{7B08E12D-4594-4F9E-9A6E-93BB17DD2C51}.Release|Any CPU.Build.0 = Release|Any CPU
		{C298E960-6867-435F-8EE8-F5706C26B0E8}.Debug|Any CPU.ActiveCfg = Debug|Any CPU
		{C298E960-6867-435F-8EE8-F5706C26B0E8}.Debug|Any CPU.Build.0 = Debug|Any CPU
		{C298E960-6867-435F-8EE8-F5706C26B0E8}.Release|Any CPU.ActiveCfg = Release|Any CPU
		{C298E960-6867-435F-8EE8-F5706C26B0E8}.Release|Any CPU.Build.0 = Release|Any CPU
		{AFD3E034-6F99-49FB-93C3-D6174B9CDA20}.Debug|Any CPU.ActiveCfg = Debug|Any CPU
		{AFD3E034-6F99-49FB-93C3-D6174B9CDA20}.Debug|Any CPU.Build.0 = Debug|Any CPU
		{AFD3E034-6F99-49FB-93C3-D6174B9CDA20}.Release|Any CPU.ActiveCfg = Release|Any CPU
		{AFD3E034-6F99-49FB-93C3-D6174B9CDA20}.Release|Any CPU.Build.0 = Release|Any CPU
		{95822EE5-1CD5-4506-A740-5947AB45E893}.Debug|Any CPU.ActiveCfg = Debug|Any CPU
		{95822EE5-1CD5-4506-A740-5947AB45E893}.Debug|Any CPU.Build.0 = Debug|Any CPU
		{95822EE5-1CD5-4506-A740-5947AB45E893}.Release|Any CPU.ActiveCfg = Release|Any CPU
		{95822EE5-1CD5-4506-A740-5947AB45E893}.Release|Any CPU.Build.0 = Release|Any CPU
		{12A44682-03CF-4750-9D28-9F2A69BF4644}.Debug|Any CPU.ActiveCfg = Debug|Any CPU
		{12A44682-03CF-4750-9D28-9F2A69BF4644}.Debug|Any CPU.Build.0 = Debug|Any CPU
		{12A44682-03CF-4750-9D28-9F2A69BF4644}.Release|Any CPU.ActiveCfg = Release|Any CPU
		{12A44682-03CF-4750-9D28-9F2A69BF4644}.Release|Any CPU.Build.0 = Release|Any CPU
		{7D3F71C7-CC89-43BF-A3F8-77BD3F1A106D}.Debug|Any CPU.ActiveCfg = Debug|Any CPU
		{7D3F71C7-CC89-43BF-A3F8-77BD3F1A106D}.Debug|Any CPU.Build.0 = Debug|Any CPU
		{7D3F71C7-CC89-43BF-A3F8-77BD3F1A106D}.Release|Any CPU.ActiveCfg = Release|Any CPU
		{7D3F71C7-CC89-43BF-A3F8-77BD3F1A106D}.Release|Any CPU.Build.0 = Release|Any CPU
	EndGlobalSection
	GlobalSection(SolutionProperties) = preSolution
		HideSolutionNode = FALSE
	EndGlobalSection
	GlobalSection(NestedProjects) = preSolution
		{F97B3344-7885-41A4-BA86-B6526FF87372} = {02EA681E-C7D8-13C7-8484-4AC65E1B71E8}
		{A2E92409-C11C-4A53-B54C-D8033283A4AD} = {02EA681E-C7D8-13C7-8484-4AC65E1B71E8}
		{7B08E12D-4594-4F9E-9A6E-93BB17DD2C51} = {02EA681E-C7D8-13C7-8484-4AC65E1B71E8}
		{C298E960-6867-435F-8EE8-F5706C26B0E8} = {02EA681E-C7D8-13C7-8484-4AC65E1B71E8}
		{AFD3E034-6F99-49FB-93C3-D6174B9CDA20} = {02EA681E-C7D8-13C7-8484-4AC65E1B71E8}
		{95822EE5-1CD5-4506-A740-5947AB45E893} = {02EA681E-C7D8-13C7-8484-4AC65E1B71E8}
		{12A44682-03CF-4750-9D28-9F2A69BF4644} = {02EA681E-C7D8-13C7-8484-4AC65E1B71E8}
		{7D3F71C7-CC89-43BF-A3F8-77BD3F1A106D} = {02EA681E-C7D8-13C7-8484-4AC65E1B71E8}
	EndGlobalSection
	GlobalSection(ExtensibilityGlobals) = postSolution
		SolutionGuid = {8604FBAF-429E-4BB4-936B-F99F95E34EBE}
	EndGlobalSection
EndGlobal
