
Microsoft Visual Studio Solution File, Format Version 12.00
# Visual Studio Version 17
VisualStudioVersion = 17.14.36203.30
MinimumVisualStudioVersion = 10.0.40219.1
Project("{2150E333-8FDC-42A3-9474-1A3956D46DE8}") = "src", "src", "{02EA681E-C7D8-13C7-8484-4AC65E1B71E8}"
EndProject
Project("{FAE04EC0-301F-11D3-BF4B-00C04F79EFBC}") = "Companies.API", "Companies.API\Companies.API.csproj", "{9A3B62E6-8418-4F5D-B422-50799FD17C24}"
EndProject
Project("{FAE04EC0-301F-11D3-BF4B-00C04F79EFBC}") = "Companies.Shared", "Companies.Shared\Companies.Shared.csproj", "{BDA1A999-7B5C-4D5E-A99D-11D5F04AFD21}"
EndProject
Global
	GlobalSection(SolutionConfigurationPlatforms) = preSolution
		Debug|Any CPU = Debug|Any CPU
		Release|Any CPU = Release|Any CPU
	EndGlobalSection
	GlobalSection(ProjectConfigurationPlatforms) = postSolution
		{9A3B62E6-8418-4F5D-B422-50799FD17C24}.Debug|Any CPU.ActiveCfg = Debug|Any CPU
		{9A3B62E6-8418-4F5D-B422-50799FD17C24}.Debug|Any CPU.Build.0 = Debug|Any CPU
		{9A3B62E6-8418-4F5D-B422-50799FD17C24}.Release|Any CPU.ActiveCfg = Release|Any CPU
		{9A3B62E6-8418-4F5D-B422-50799FD17C24}.Release|Any CPU.Build.0 = Release|Any CPU
		{BDA1A999-7B5C-4D5E-A99D-11D5F04AFD21}.Debug|Any CPU.ActiveCfg = Debug|Any CPU
		{BDA1A999-7B5C-4D5E-A99D-11D5F04AFD21}.Debug|Any CPU.Build.0 = Debug|Any CPU
		{BDA1A999-7B5C-4D5E-A99D-11D5F04AFD21}.Release|Any CPU.ActiveCfg = Release|Any CPU
		{BDA1A999-7B5C-4D5E-A99D-11D5F04AFD21}.Release|Any CPU.Build.0 = Release|Any CPU
	EndGlobalSection
	GlobalSection(SolutionProperties) = preSolution
		HideSolutionNode = FALSE
	EndGlobalSection
	GlobalSection(NestedProjects) = preSolution
		{9A3B62E6-8418-4F5D-B422-50799FD17C24} = {02EA681E-C7D8-13C7-8484-4AC65E1B71E8}
		{BDA1A999-7B5C-4D5E-A99D-11D5F04AFD21} = {02EA681E-C7D8-13C7-8484-4AC65E1B71E8}
	EndGlobalSection
	GlobalSection(ExtensibilityGlobals) = postSolution
		SolutionGuid = {9223FC29-212A-4D97-8C9E-B718588F1FD4}
	EndGlobalSection
EndGlobal
